
Microsoft Visual Studio Solution File, Format Version 12.00
# Visual Studio Version 17
VisualStudioVersion = 17.6.33723.286
MinimumVisualStudioVersion = 10.0.40219.1
Project("{FAE04EC0-301F-11D3-BF4B-00C04F79EFBC}") = "NumberWaysReorderArrayGetSameBST", "NumberWaysReorderArrayGetSameBST.csproj", "{39B8E470-F583-40AF-93D7-62AE3B572738}"
EndProject
Global
	GlobalSection(SolutionConfigurationPlatforms) = preSolution
		Debug|Any CPU = Debug|Any CPU
		Release|Any CPU = Release|Any CPU
	EndGlobalSection
	GlobalSection(ProjectConfigurationPlatforms) = postSolution
		{39B8E470-F583-40AF-93D7-62AE3B572738}.Debug|Any CPU.ActiveCfg = Debug|Any CPU
		{39B8E470-F583-40AF-93D7-62AE3B572738}.Debug|Any CPU.Build.0 = Debug|Any CPU
		{39B8E470-F583-40AF-93D7-62AE3B572738}.Release|Any CPU.ActiveCfg = Release|Any CPU
		{39B8E470-F583-40AF-93D7-62AE3B572738}.Release|Any CPU.Build.0 = Release|Any CPU
	EndGlobalSection
	GlobalSection(SolutionProperties) = preSolution
		HideSolutionNode = FALSE
	EndGlobalSection
	GlobalSection(ExtensibilityGlobals) = postSolution
		SolutionGuid = {D2335C70-0718-405D-973B-66548B7EE06D}
	EndGlobalSection
EndGlobal
